
Microsoft Visual Studio Solution File, Format Version 12.00
# Visual Studio 14
VisualStudioVersion = 14.0.25123.0
MinimumVisualStudioVersion = 10.0.40219.1
Project("{2150E333-8FDC-42A3-9474-1A3956D46DE8}") = "Documentación", "Documentación", "{5B384AC1-0E55-4543-B906-5329042D9B5B}"
	ProjectSection(SolutionItems) = preProject
		C:\Users\Daniel\Downloads\HotelUML.png = C:\Users\Daniel\Downloads\HotelUML.png
		Documentación\HotelUML.xml = Documentación\HotelUML.xml
		F:\Ciclo Formativo Grado Superior\Diseño de Aplicaciones Web (DAW)\Modulos\Projecte final curs\Plan de empresa.docx = F:\Ciclo Formativo Grado Superior\Diseño de Aplicaciones Web (DAW)\Modulos\Projecte final curs\Plan de empresa.docx
		Documentación\puntos hotel.docx = Documentación\puntos hotel.docx
		Documentación\Sistema de creación del hotel.docx = Documentación\Sistema de creación del hotel.docx
	EndProjectSection
EndProject
Project("{FAE04EC0-301F-11D3-BF4B-00C04F79EFBC}") = "Gh.Dao", "Gh.Dao\Gh.Dao.csproj", "{9B6C77F6-E398-4956-A970-6D9D8B2D5D72}"
EndProject
Project("{FAE04EC0-301F-11D3-BF4B-00C04F79EFBC}") = "Gh.Common", "Gh.Common\Gh.Common.csproj", "{CDF6CD22-8CA9-4B0F-9F32-4944D5BFBAE4}"
EndProject
Project("{FAE04EC0-301F-11D3-BF4B-00C04F79EFBC}") = "Gh.Bus", "Gh.Bus\Gh.Bus.csproj", "{43C9728A-42FC-4889-84CA-FBC3FAAB21C3}"
EndProject
Project("{FAE04EC0-301F-11D3-BF4B-00C04F79EFBC}") = "Gh.Testing", "Gh.Testing\Gh.Testing.csproj", "{BD5B8A6C-33D5-4E0A-8AFF-9EA304C56FDC}"
EndProject
Project("{FAE04EC0-301F-11D3-BF4B-00C04F79EFBC}") = "Gh.Presentation", "Gh.Presentation\Gh.Presentation.csproj", "{EFFFCAA5-0666-46F9-9ED2-CC3C04298C2A}"
EndProject
Global
	GlobalSection(SolutionConfigurationPlatforms) = preSolution
		Debug|Any CPU = Debug|Any CPU
		Release|Any CPU = Release|Any CPU
	EndGlobalSection
	GlobalSection(ProjectConfigurationPlatforms) = postSolution
		{9B6C77F6-E398-4956-A970-6D9D8B2D5D72}.Debug|Any CPU.ActiveCfg = Debug|Any CPU
		{9B6C77F6-E398-4956-A970-6D9D8B2D5D72}.Debug|Any CPU.Build.0 = Debug|Any CPU
		{9B6C77F6-E398-4956-A970-6D9D8B2D5D72}.Release|Any CPU.ActiveCfg = Release|Any CPU
		{9B6C77F6-E398-4956-A970-6D9D8B2D5D72}.Release|Any CPU.Build.0 = Release|Any CPU
		{CDF6CD22-8CA9-4B0F-9F32-4944D5BFBAE4}.Debug|Any CPU.ActiveCfg = Debug|Any CPU
		{CDF6CD22-8CA9-4B0F-9F32-4944D5BFBAE4}.Debug|Any CPU.Build.0 = Debug|Any CPU
		{CDF6CD22-8CA9-4B0F-9F32-4944D5BFBAE4}.Release|Any CPU.ActiveCfg = Release|Any CPU
		{CDF6CD22-8CA9-4B0F-9F32-4944D5BFBAE4}.Release|Any CPU.Build.0 = Release|Any CPU
		{43C9728A-42FC-4889-84CA-FBC3FAAB21C3}.Debug|Any CPU.ActiveCfg = Debug|Any CPU
		{43C9728A-42FC-4889-84CA-FBC3FAAB21C3}.Debug|Any CPU.Build.0 = Debug|Any CPU
		{43C9728A-42FC-4889-84CA-FBC3FAAB21C3}.Release|Any CPU.ActiveCfg = Release|Any CPU
		{43C9728A-42FC-4889-84CA-FBC3FAAB21C3}.Release|Any CPU.Build.0 = Release|Any CPU
		{BD5B8A6C-33D5-4E0A-8AFF-9EA304C56FDC}.Debug|Any CPU.ActiveCfg = Debug|Any CPU
		{BD5B8A6C-33D5-4E0A-8AFF-9EA304C56FDC}.Debug|Any CPU.Build.0 = Debug|Any CPU
		{BD5B8A6C-33D5-4E0A-8AFF-9EA304C56FDC}.Release|Any CPU.ActiveCfg = Release|Any CPU
		{BD5B8A6C-33D5-4E0A-8AFF-9EA304C56FDC}.Release|Any CPU.Build.0 = Release|Any CPU
		{EFFFCAA5-0666-46F9-9ED2-CC3C04298C2A}.Debug|Any CPU.ActiveCfg = Debug|Any CPU
		{EFFFCAA5-0666-46F9-9ED2-CC3C04298C2A}.Debug|Any CPU.Build.0 = Debug|Any CPU
		{EFFFCAA5-0666-46F9-9ED2-CC3C04298C2A}.Release|Any CPU.ActiveCfg = Release|Any CPU
		{EFFFCAA5-0666-46F9-9ED2-CC3C04298C2A}.Release|Any CPU.Build.0 = Release|Any CPU
	EndGlobalSection
	GlobalSection(SolutionProperties) = preSolution
		HideSolutionNode = FALSE
	EndGlobalSection
EndGlobal
